
Microsoft Visual Studio Solution File, Format Version 12.00
# Visual Studio Version 17
VisualStudioVersion = 17.2.32616.157
MinimumVisualStudioVersion = 10.0.40219.1
Project("{FAE04EC0-301F-11D3-BF4B-00C04F79EFBC}") = "SINOP", "SINOP\SINOP.csproj", "{AB09D5A7-203F-4605-9A43-0290026A69BE}"
EndProject
Project("{2150E333-8FDC-42A3-9474-1A3956D46DE8}") = "4 - Infra", "4 - Infra", "{76BD0710-693B-4274-8762-14E4F98812B9}"
EndProject
Project("{2150E333-8FDC-42A3-9474-1A3956D46DE8}") = "Data", "Data", "{1C4C2DC9-7C92-46F7-B30F-034E8DB5F1D9}"
EndProject
Project("{FAE04EC0-301F-11D3-BF4B-00C04F79EFBC}") = "SINOP.Infra.Data.EntityFrameworkCore", "SINOP.Infra.Data.EntityFrameworkCore\SINOP.Infra.Data.EntityFrameworkCore.csproj", "{9FD22A0D-59E5-4574-82F9-3A8D04E44D4D}"
EndProject
Project("{2150E333-8FDC-42A3-9474-1A3956D46DE8}") = "3 - Domain", "3 - Domain", "{AD080C17-31D1-4D88-9AE6-8386BC726C01}"
EndProject
Project("{FAE04EC0-301F-11D3-BF4B-00C04F79EFBC}") = "SINOP.Domain", "SINOP.Domain\SINOP.Domain.csproj", "{DE355F18-50BE-4CCE-8B99-8DAC8DF337D6}"
EndProject
Project("{FAE04EC0-301F-11D3-BF4B-00C04F79EFBC}") = "SINOP.Domain.Services", "SINOP.Domain.Services\SINOP.Domain.Services.csproj", "{32AB6DC1-704D-444B-9C18-7C117321CC8D}"
EndProject
Project("{2150E333-8FDC-42A3-9474-1A3956D46DE8}") = "2 - Application", "2 - Application", "{33742C3C-F41F-4446-B2C7-77FC5792CDC3}"
EndProject
Project("{FAE04EC0-301F-11D3-BF4B-00C04F79EFBC}") = "SINOP.Application", "SINOP.Application\SINOP.Application.csproj", "{2383DFB5-3807-4EF3-8074-6B07CF1AB005}"
EndProject
Project("{2150E333-8FDC-42A3-9474-1A3956D46DE8}") = "0 - Presentation", "0 - Presentation", "{B805B3FE-F529-4F9C-B280-E81159A4D5C8}"
EndProject
Project("{2150E333-8FDC-42A3-9474-1A3956D46DE8}") = "1 - ExternalServices", "1 - ExternalServices", "{A2F5B31F-A990-4FCE-9B15-4C7A004833B5}"
EndProject
Project("{FAE04EC0-301F-11D3-BF4B-00C04F79EFBC}") = "SINOP.Domain.Core", "SINOP.Domain.Core\SINOP.Domain.Core.csproj", "{50EAE8C6-4A8E-4B70-A786-3A42C9CF000F}"
EndProject
Project("{2150E333-8FDC-42A3-9474-1A3956D46DE8}") = "CrossCutting", "CrossCutting", "{27D39D90-3D56-4B1B-852B-A106F2B1DA4E}"
EndProject
Project("{FAE04EC0-301F-11D3-BF4B-00C04F79EFBC}") = "SINOP.Infra.CrossCutting", "SINOP.Infra.CrossCutting\SINOP.Infra.CrossCutting.csproj", "{516E5A0B-4831-4ECC-B2F0-8D023D58F755}"
EndProject
Global
	GlobalSection(SolutionConfigurationPlatforms) = preSolution
		Debug|Any CPU = Debug|Any CPU
		Release|Any CPU = Release|Any CPU
	EndGlobalSection
	GlobalSection(ProjectConfigurationPlatforms) = postSolution
		{AB09D5A7-203F-4605-9A43-0290026A69BE}.Debug|Any CPU.ActiveCfg = Debug|Any CPU
		{AB09D5A7-203F-4605-9A43-0290026A69BE}.Debug|Any CPU.Build.0 = Debug|Any CPU
		{AB09D5A7-203F-4605-9A43-0290026A69BE}.Release|Any CPU.ActiveCfg = Release|Any CPU
		{AB09D5A7-203F-4605-9A43-0290026A69BE}.Release|Any CPU.Build.0 = Release|Any CPU
		{9FD22A0D-59E5-4574-82F9-3A8D04E44D4D}.Debug|Any CPU.ActiveCfg = Debug|Any CPU
		{9FD22A0D-59E5-4574-82F9-3A8D04E44D4D}.Debug|Any CPU.Build.0 = Debug|Any CPU
		{9FD22A0D-59E5-4574-82F9-3A8D04E44D4D}.Release|Any CPU.ActiveCfg = Release|Any CPU
		{9FD22A0D-59E5-4574-82F9-3A8D04E44D4D}.Release|Any CPU.Build.0 = Release|Any CPU
		{DE355F18-50BE-4CCE-8B99-8DAC8DF337D6}.Debug|Any CPU.ActiveCfg = Debug|Any CPU
		{DE355F18-50BE-4CCE-8B99-8DAC8DF337D6}.Debug|Any CPU.Build.0 = Debug|Any CPU
		{DE355F18-50BE-4CCE-8B99-8DAC8DF337D6}.Release|Any CPU.ActiveCfg = Release|Any CPU
		{DE355F18-50BE-4CCE-8B99-8DAC8DF337D6}.Release|Any CPU.Build.0 = Release|Any CPU
		{32AB6DC1-704D-444B-9C18-7C117321CC8D}.Debug|Any CPU.ActiveCfg = Debug|Any CPU
		{32AB6DC1-704D-444B-9C18-7C117321CC8D}.Debug|Any CPU.Build.0 = Debug|Any CPU
		{32AB6DC1-704D-444B-9C18-7C117321CC8D}.Release|Any CPU.ActiveCfg = Release|Any CPU
		{32AB6DC1-704D-444B-9C18-7C117321CC8D}.Release|Any CPU.Build.0 = Release|Any CPU
		{2383DFB5-3807-4EF3-8074-6B07CF1AB005}.Debug|Any CPU.ActiveCfg = Debug|Any CPU
		{2383DFB5-3807-4EF3-8074-6B07CF1AB005}.Debug|Any CPU.Build.0 = Debug|Any CPU
		{2383DFB5-3807-4EF3-8074-6B07CF1AB005}.Release|Any CPU.ActiveCfg = Release|Any CPU
		{2383DFB5-3807-4EF3-8074-6B07CF1AB005}.Release|Any CPU.Build.0 = Release|Any CPU
		{50EAE8C6-4A8E-4B70-A786-3A42C9CF000F}.Debug|Any CPU.ActiveCfg = Debug|Any CPU
		{50EAE8C6-4A8E-4B70-A786-3A42C9CF000F}.Debug|Any CPU.Build.0 = Debug|Any CPU
		{50EAE8C6-4A8E-4B70-A786-3A42C9CF000F}.Release|Any CPU.ActiveCfg = Release|Any CPU
		{50EAE8C6-4A8E-4B70-A786-3A42C9CF000F}.Release|Any CPU.Build.0 = Release|Any CPU
		{516E5A0B-4831-4ECC-B2F0-8D023D58F755}.Debug|Any CPU.ActiveCfg = Debug|Any CPU
		{516E5A0B-4831-4ECC-B2F0-8D023D58F755}.Debug|Any CPU.Build.0 = Debug|Any CPU
		{516E5A0B-4831-4ECC-B2F0-8D023D58F755}.Release|Any CPU.ActiveCfg = Release|Any CPU
		{516E5A0B-4831-4ECC-B2F0-8D023D58F755}.Release|Any CPU.Build.0 = Release|Any CPU
	EndGlobalSection
	GlobalSection(SolutionProperties) = preSolution
		HideSolutionNode = FALSE
	EndGlobalSection
	GlobalSection(NestedProjects) = preSolution
		{AB09D5A7-203F-4605-9A43-0290026A69BE} = {B805B3FE-F529-4F9C-B280-E81159A4D5C8}
		{1C4C2DC9-7C92-46F7-B30F-034E8DB5F1D9} = {76BD0710-693B-4274-8762-14E4F98812B9}
		{9FD22A0D-59E5-4574-82F9-3A8D04E44D4D} = {1C4C2DC9-7C92-46F7-B30F-034E8DB5F1D9}
		{DE355F18-50BE-4CCE-8B99-8DAC8DF337D6} = {AD080C17-31D1-4D88-9AE6-8386BC726C01}
		{32AB6DC1-704D-444B-9C18-7C117321CC8D} = {AD080C17-31D1-4D88-9AE6-8386BC726C01}
		{2383DFB5-3807-4EF3-8074-6B07CF1AB005} = {33742C3C-F41F-4446-B2C7-77FC5792CDC3}
		{50EAE8C6-4A8E-4B70-A786-3A42C9CF000F} = {AD080C17-31D1-4D88-9AE6-8386BC726C01}
		{27D39D90-3D56-4B1B-852B-A106F2B1DA4E} = {76BD0710-693B-4274-8762-14E4F98812B9}
		{516E5A0B-4831-4ECC-B2F0-8D023D58F755} = {27D39D90-3D56-4B1B-852B-A106F2B1DA4E}
	EndGlobalSection
	GlobalSection(ExtensibilityGlobals) = postSolution
		SolutionGuid = {E6CD9772-3924-40C1-95FA-F1D326C1DBC3}
	EndGlobalSection
EndGlobal
